// !$*UTF8*$!
{
	archiveVersion = 1;
	classes = {
	};
	objectVersion = 50;
	objects = {

/* Begin PBXBuildFile section */
		7FF485828576B68CFB836658 /* Pods_com_vn_entergroup_Education_gearshop.framework in Frameworks */ = {isa = PBXBuildFile; fileRef = FC4B571416D4FBDBA98D28C8 /* Pods_com_vn_entergroup_Education_gearshop.framework */; };
		C3034B71214803D3009EF423 /* SearchViewController.swift in Sources */ = {isa = PBXBuildFile; fileRef = C3034B70214803D3009EF423 /* SearchViewController.swift */; };
		C30BD66B214E2A6A0018446C /* CartViewController.swift in Sources */ = {isa = PBXBuildFile; fileRef = C30BD66A214E2A6A0018446C /* CartViewController.swift */; };
		C30BD66E214E2F850018446C /* CartTableViewCell.swift in Sources */ = {isa = PBXBuildFile; fileRef = C30BD66C214E2F850018446C /* CartTableViewCell.swift */; };
		C30BD66F214E2F850018446C /* CartTableViewCell.xib in Resources */ = {isa = PBXBuildFile; fileRef = C30BD66D214E2F850018446C /* CartTableViewCell.xib */; };
		C30E6FA22142304A00351DD5 /* API.swift in Sources */ = {isa = PBXBuildFile; fileRef = C30E6FA12142304A00351DD5 /* API.swift */; };
		C31AC1DF214F5A8000FA3A28 /* libdemo-library.a in Frameworks */ = {isa = PBXBuildFile; fileRef = C31AC1DE214F5A7F00FA3A28 /* libdemo-library.a */; };
		C3574EDE213E34BE0089327C /* AppDelegate.swift in Sources */ = {isa = PBXBuildFile; fileRef = C3574EDD213E34BE0089327C /* AppDelegate.swift */; };
		C3574EE3213E34BE0089327C /* Main.storyboard in Resources */ = {isa = PBXBuildFile; fileRef = C3574EE1213E34BE0089327C /* Main.storyboard */; };
		C3574EE5213E34D10089327C /* Assets.xcassets in Resources */ = {isa = PBXBuildFile; fileRef = C3574EE4213E34D10089327C /* Assets.xcassets */; };
		C3574EE8213E34D10089327C /* LaunchScreen.storyboard in Resources */ = {isa = PBXBuildFile; fileRef = C3574EE6213E34D10089327C /* LaunchScreen.storyboard */; };
		C3574EF7213E3B960089327C /* exView.swift in Sources */ = {isa = PBXBuildFile; fileRef = C3574EF3213E3B960089327C /* exView.swift */; };
		C3574EF8213E3B960089327C /* exImage.swift in Sources */ = {isa = PBXBuildFile; fileRef = C3574EF4213E3B960089327C /* exImage.swift */; };
		C3574EF9213E3B960089327C /* exUITableHeaderView.swift in Sources */ = {isa = PBXBuildFile; fileRef = C3574EF5213E3B960089327C /* exUITableHeaderView.swift */; };
		C3574EFA213E3B960089327C /* exString.swift in Sources */ = {isa = PBXBuildFile; fileRef = C3574EF6213E3B960089327C /* exString.swift */; };
		C3574EFC213E3D020089327C /* HomeViewController.swift in Sources */ = {isa = PBXBuildFile; fileRef = C3574EFB213E3D020089327C /* HomeViewController.swift */; };
		C3574F00213E72E20089327C /* GearItemTableViewCell.swift in Sources */ = {isa = PBXBuildFile; fileRef = C3574EFE213E72E20089327C /* GearItemTableViewCell.swift */; };
		C3574F01213E72E20089327C /* GearItemTableViewCell.xib in Resources */ = {isa = PBXBuildFile; fileRef = C3574EFF213E72E20089327C /* GearItemTableViewCell.xib */; };
		C3574F03213E785B0089327C /* gearitem.json in Resources */ = {isa = PBXBuildFile; fileRef = C3574F02213E785B0089327C /* gearitem.json */; };
		C3574F05213E78780089327C /* CategoryModel.swift in Sources */ = {isa = PBXBuildFile; fileRef = C3574F04213E78780089327C /* CategoryModel.swift */; };
		C3574F07213E7FC60089327C /* CategoryProductViewController.swift in Sources */ = {isa = PBXBuildFile; fileRef = C3574F06213E7FC60089327C /* CategoryProductViewController.swift */; };
		C3574F09213E982D0089327C /* Constant.swift in Sources */ = {isa = PBXBuildFile; fileRef = C3574F08213E982D0089327C /* Constant.swift */; };
		C3574F0C213E9A700089327C /* CPUCollectionViewCell.swift in Sources */ = {isa = PBXBuildFile; fileRef = C3574F0A213E9A700089327C /* CPUCollectionViewCell.swift */; };
		C3574F0D213E9A710089327C /* CPUCollectionViewCell.xib in Resources */ = {isa = PBXBuildFile; fileRef = C3574F0B213E9A700089327C /* CPUCollectionViewCell.xib */; };
		C3574F10213E9A8A0089327C /* VGACollectionViewCell.swift in Sources */ = {isa = PBXBuildFile; fileRef = C3574F0E213E9A8A0089327C /* VGACollectionViewCell.swift */; };
		C3574F11213E9A8A0089327C /* VGACollectionViewCell.xib in Resources */ = {isa = PBXBuildFile; fileRef = C3574F0F213E9A8A0089327C /* VGACollectionViewCell.xib */; };
		C36DC4E62140DA4C00687D28 /* VGAModel.swift in Sources */ = {isa = PBXBuildFile; fileRef = C36DC4E52140DA4C00687D28 /* VGAModel.swift */; };
		C36DC4E92140DC5C00687D28 /* RamCollectionViewCell.swift in Sources */ = {isa = PBXBuildFile; fileRef = C36DC4E72140DC5C00687D28 /* RamCollectionViewCell.swift */; };
		C36DC4EA2140DC5C00687D28 /* RamCollectionViewCell.xib in Resources */ = {isa = PBXBuildFile; fileRef = C36DC4E82140DC5C00687D28 /* RamCollectionViewCell.xib */; };
		C36DC4EC2140DE2E00687D28 /* RamModel.swift in Sources */ = {isa = PBXBuildFile; fileRef = C36DC4EB2140DE2E00687D28 /* RamModel.swift */; };
		C36DC4EF2140E0ED00687D28 /* MoboCollectionViewCell.swift in Sources */ = {isa = PBXBuildFile; fileRef = C36DC4ED2140E0ED00687D28 /* MoboCollectionViewCell.swift */; };
		C36DC4F02140E0ED00687D28 /* MoboCollectionViewCell.xib in Resources */ = {isa = PBXBuildFile; fileRef = C36DC4EE2140E0ED00687D28 /* MoboCollectionViewCell.xib */; };
		C36DC4F22140E20200687D28 /* MoboModel.swift in Sources */ = {isa = PBXBuildFile; fileRef = C36DC4F12140E20200687D28 /* MoboModel.swift */; };
		C36DC4F42141123400687D28 /* DetailProductViewController.swift in Sources */ = {isa = PBXBuildFile; fileRef = C36DC4F32141123400687D28 /* DetailProductViewController.swift */; };
		C36DC4F621411D5600687D28 /* GoogleService-Info.plist in Resources */ = {isa = PBXBuildFile; fileRef = C36DC4F521411D5500687D28 /* GoogleService-Info.plist */; };
		C3C0DA4A21477113007DE895 /* FBSDKCoreKit.framework in Frameworks */ = {isa = PBXBuildFile; fileRef = C3C0DA4921477113007DE895 /* FBSDKCoreKit.framework */; };
		C3C0DA4D21477341007DE895 /* FBSDKCoreKit.framework in Frameworks */ = {isa = PBXBuildFile; fileRef = C3C0DA4C21477341007DE895 /* FBSDKCoreKit.framework */; };
		C3C0DA4F21477366007DE895 /* FBSDKLoginKit.framework in Frameworks */ = {isa = PBXBuildFile; fileRef = C3C0DA4E21477366007DE895 /* FBSDKLoginKit.framework */; };
		C3C0DA5121477819007DE895 /* MoreSettingViewController.swift in Sources */ = {isa = PBXBuildFile; fileRef = C3C0DA5021477818007DE895 /* MoreSettingViewController.swift */; };
		C3C0DA552147B31E007DE895 /* BaseModeVO.swift in Sources */ = {isa = PBXBuildFile; fileRef = C3C0DA542147B31D007DE895 /* BaseModeVO.swift */; };
		C3F1BFB0213EDB9900A44814 /* CPUModel.swift in Sources */ = {isa = PBXBuildFile; fileRef = C3F1BFAF213EDB9900A44814 /* CPUModel.swift */; };
		D535A0F59C9EFBFE8CF52642 /* Pods_com_vn_entergroup_Education_gearshop.framework in Frameworks */ = {isa = PBXBuildFile; fileRef = 0E3324D4482762210D3E8EBB /* Pods_com_vn_entergroup_Education_gearshop.framework */; };
/* End PBXBuildFile section */

/* Begin PBXFileReference section */
		030E84F8E728C59EE3036F6E /* Pods-com.vn.entergroup.Education.gearshop.debug.xcconfig */ = {isa = PBXFileReference; includeInIndex = 1; lastKnownFileType = text.xcconfig; name = "Pods-com.vn.entergroup.Education.gearshop.debug.xcconfig"; path = "Pods/Target Support Files/Pods-com.vn.entergroup.Education.gearshop/Pods-com.vn.entergroup.Education.gearshop.debug.xcconfig"; sourceTree = "<group>"; };
		0E3324D4482762210D3E8EBB /* Pods_com_vn_entergroup_Education_gearshop.framework */ = {isa = PBXFileReference; explicitFileType = wrapper.framework; includeInIndex = 0; path = Pods_com_vn_entergroup_Education_gearshop.framework; sourceTree = BUILT_PRODUCTS_DIR; };
		9DD609D40F75326A31BE2B42 /* Pods-com.vn.entergroup.Education.gearshop.release.xcconfig */ = {isa = PBXFileReference; includeInIndex = 1; lastKnownFileType = text.xcconfig; name = "Pods-com.vn.entergroup.Education.gearshop.release.xcconfig"; path = "Pods/Target Support Files/Pods-com.vn.entergroup.Education.gearshop/Pods-com.vn.entergroup.Education.gearshop.release.xcconfig"; sourceTree = "<group>"; };
		C3034B70214803D3009EF423 /* SearchViewController.swift */ = {isa = PBXFileReference; fileEncoding = 4; lastKnownFileType = sourcecode.swift; path = SearchViewController.swift; sourceTree = "<group>"; };
		C30BD66A214E2A6A0018446C /* CartViewController.swift */ = {isa = PBXFileReference; lastKnownFileType = sourcecode.swift; path = CartViewController.swift; sourceTree = "<group>"; };
		C30BD66C214E2F850018446C /* CartTableViewCell.swift */ = {isa = PBXFileReference; lastKnownFileType = sourcecode.swift; path = CartTableViewCell.swift; sourceTree = "<group>"; };
		C30BD66D214E2F850018446C /* CartTableViewCell.xib */ = {isa = PBXFileReference; lastKnownFileType = file.xib; path = CartTableViewCell.xib; sourceTree = "<group>"; };
		C30E6FA12142304A00351DD5 /* API.swift */ = {isa = PBXFileReference; lastKnownFileType = sourcecode.swift; path = API.swift; sourceTree = "<group>"; };
		C31AC1DE214F5A7F00FA3A28 /* libdemo-library.a */ = {isa = PBXFileReference; lastKnownFileType = archive.ar; name = "libdemo-library.a"; path = "library/libdemo-library.a"; sourceTree = SOURCE_ROOT; };
		C3574EDA213E34BE0089327C /* com.vn.entergroup.Education.gearshop.app */ = {isa = PBXFileReference; explicitFileType = wrapper.application; includeInIndex = 0; path = com.vn.entergroup.Education.gearshop.app; sourceTree = BUILT_PRODUCTS_DIR; };
		C3574EDD213E34BE0089327C /* AppDelegate.swift */ = {isa = PBXFileReference; lastKnownFileType = sourcecode.swift; path = AppDelegate.swift; sourceTree = "<group>"; };
		C3574EE2213E34BE0089327C /* Base */ = {isa = PBXFileReference; lastKnownFileType = file.storyboard; name = Base; path = Base.lproj/Main.storyboard; sourceTree = "<group>"; };
		C3574EE4213E34D10089327C /* Assets.xcassets */ = {isa = PBXFileReference; lastKnownFileType = folder.assetcatalog; path = Assets.xcassets; sourceTree = "<group>"; };
		C3574EE7213E34D10089327C /* Base */ = {isa = PBXFileReference; lastKnownFileType = file.storyboard; name = Base; path = Base.lproj/LaunchScreen.storyboard; sourceTree = "<group>"; };
		C3574EE9213E34D10089327C /* Info.plist */ = {isa = PBXFileReference; lastKnownFileType = text.plist.xml; path = Info.plist; sourceTree = "<group>"; };
		C3574EF3213E3B960089327C /* exView.swift */ = {isa = PBXFileReference; fileEncoding = 4; lastKnownFileType = sourcecode.swift; path = exView.swift; sourceTree = "<group>"; };
		C3574EF4213E3B960089327C /* exImage.swift */ = {isa = PBXFileReference; fileEncoding = 4; lastKnownFileType = sourcecode.swift; path = exImage.swift; sourceTree = "<group>"; };
		C3574EF5213E3B960089327C /* exUITableHeaderView.swift */ = {isa = PBXFileReference; fileEncoding = 4; lastKnownFileType = sourcecode.swift; path = exUITableHeaderView.swift; sourceTree = "<group>"; };
		C3574EF6213E3B960089327C /* exString.swift */ = {isa = PBXFileReference; fileEncoding = 4; lastKnownFileType = sourcecode.swift; path = exString.swift; sourceTree = "<group>"; };
		C3574EFB213E3D020089327C /* HomeViewController.swift */ = {isa = PBXFileReference; lastKnownFileType = sourcecode.swift; path = HomeViewController.swift; sourceTree = "<group>"; };
		C3574EFE213E72E20089327C /* GearItemTableViewCell.swift */ = {isa = PBXFileReference; lastKnownFileType = sourcecode.swift; path = GearItemTableViewCell.swift; sourceTree = "<group>"; };
		C3574EFF213E72E20089327C /* GearItemTableViewCell.xib */ = {isa = PBXFileReference; lastKnownFileType = file.xib; path = GearItemTableViewCell.xib; sourceTree = "<group>"; };
		C3574F02213E785B0089327C /* gearitem.json */ = {isa = PBXFileReference; fileEncoding = 4; lastKnownFileType = text.json; path = gearitem.json; sourceTree = "<group>"; };
		C3574F04213E78780089327C /* CategoryModel.swift */ = {isa = PBXFileReference; lastKnownFileType = sourcecode.swift; path = CategoryModel.swift; sourceTree = "<group>"; };
		C3574F06213E7FC60089327C /* CategoryProductViewController.swift */ = {isa = PBXFileReference; lastKnownFileType = sourcecode.swift; path = CategoryProductViewController.swift; sourceTree = "<group>"; };
		C3574F08213E982D0089327C /* Constant.swift */ = {isa = PBXFileReference; lastKnownFileType = sourcecode.swift; path = Constant.swift; sourceTree = "<group>"; };
		C3574F0A213E9A700089327C /* CPUCollectionViewCell.swift */ = {isa = PBXFileReference; lastKnownFileType = sourcecode.swift; path = CPUCollectionViewCell.swift; sourceTree = "<group>"; };
		C3574F0B213E9A700089327C /* CPUCollectionViewCell.xib */ = {isa = PBXFileReference; lastKnownFileType = file.xib; path = CPUCollectionViewCell.xib; sourceTree = "<group>"; };
		C3574F0E213E9A8A0089327C /* VGACollectionViewCell.swift */ = {isa = PBXFileReference; lastKnownFileType = sourcecode.swift; path = VGACollectionViewCell.swift; sourceTree = "<group>"; };
		C3574F0F213E9A8A0089327C /* VGACollectionViewCell.xib */ = {isa = PBXFileReference; lastKnownFileType = file.xib; path = VGACollectionViewCell.xib; sourceTree = "<group>"; };
		C36DC4E52140DA4C00687D28 /* VGAModel.swift */ = {isa = PBXFileReference; lastKnownFileType = sourcecode.swift; path = VGAModel.swift; sourceTree = "<group>"; };
		C36DC4E72140DC5C00687D28 /* RamCollectionViewCell.swift */ = {isa = PBXFileReference; lastKnownFileType = sourcecode.swift; path = RamCollectionViewCell.swift; sourceTree = "<group>"; };
		C36DC4E82140DC5C00687D28 /* RamCollectionViewCell.xib */ = {isa = PBXFileReference; lastKnownFileType = file.xib; path = RamCollectionViewCell.xib; sourceTree = "<group>"; };
		C36DC4EB2140DE2E00687D28 /* RamModel.swift */ = {isa = PBXFileReference; lastKnownFileType = sourcecode.swift; path = RamModel.swift; sourceTree = "<group>"; };
		C36DC4ED2140E0ED00687D28 /* MoboCollectionViewCell.swift */ = {isa = PBXFileReference; lastKnownFileType = sourcecode.swift; path = MoboCollectionViewCell.swift; sourceTree = "<group>"; };
		C36DC4EE2140E0ED00687D28 /* MoboCollectionViewCell.xib */ = {isa = PBXFileReference; lastKnownFileType = file.xib; path = MoboCollectionViewCell.xib; sourceTree = "<group>"; };
		C36DC4F12140E20200687D28 /* MoboModel.swift */ = {isa = PBXFileReference; lastKnownFileType = sourcecode.swift; path = MoboModel.swift; sourceTree = "<group>"; };
		C36DC4F32141123400687D28 /* DetailProductViewController.swift */ = {isa = PBXFileReference; lastKnownFileType = sourcecode.swift; path = DetailProductViewController.swift; sourceTree = "<group>"; };
		C36DC4F521411D5500687D28 /* GoogleService-Info.plist */ = {isa = PBXFileReference; fileEncoding = 4; lastKnownFileType = text.plist.xml; path = "GoogleService-Info.plist"; sourceTree = "<group>"; };
		C3C0DA4821476CA4007DE895 /* com.vn.entergroup.Education.gearshop.entitlements */ = {isa = PBXFileReference; lastKnownFileType = text.plist.entitlements; path = com.vn.entergroup.Education.gearshop.entitlements; sourceTree = "<group>"; };
		C3C0DA4921477113007DE895 /* FBSDKCoreKit.framework */ = {isa = PBXFileReference; explicitFileType = wrapper.framework; path = FBSDKCoreKit.framework; sourceTree = BUILT_PRODUCTS_DIR; };
		C3C0DA4C21477341007DE895 /* FBSDKCoreKit.framework */ = {isa = PBXFileReference; lastKnownFileType = wrapper.framework; path = FBSDKCoreKit.framework; sourceTree = "<group>"; };
		C3C0DA4E21477366007DE895 /* FBSDKLoginKit.framework */ = {isa = PBXFileReference; lastKnownFileType = wrapper.framework; path = FBSDKLoginKit.framework; sourceTree = "<group>"; };
		C3C0DA5021477818007DE895 /* MoreSettingViewController.swift */ = {isa = PBXFileReference; lastKnownFileType = sourcecode.swift; path = MoreSettingViewController.swift; sourceTree = "<group>"; };
		C3C0DA542147B31D007DE895 /* BaseModeVO.swift */ = {isa = PBXFileReference; fileEncoding = 4; lastKnownFileType = sourcecode.swift; path = BaseModeVO.swift; sourceTree = "<group>"; };
		C3F1BFAF213EDB9900A44814 /* CPUModel.swift */ = {isa = PBXFileReference; lastKnownFileType = sourcecode.swift; path = CPUModel.swift; sourceTree = "<group>"; };
		FC4B571416D4FBDBA98D28C8 /* Pods_com_vn_entergroup_Education_gearshop.framework */ = {isa = PBXFileReference; explicitFileType = wrapper.framework; includeInIndex = 0; path = Pods_com_vn_entergroup_Education_gearshop.framework; sourceTree = BUILT_PRODUCTS_DIR; };
/* End PBXFileReference section */

/* Begin PBXFrameworksBuildPhase section */
		C3574ED7213E34BE0089327C /* Frameworks */ = {
			isa = PBXFrameworksBuildPhase;
			buildActionMask = 2147483647;
			files = (
				C31AC1DF214F5A8000FA3A28 /* libdemo-library.a in Frameworks */,
				C3C0DA4A21477113007DE895 /* FBSDKCoreKit.framework in Frameworks */,
				C3C0DA4D21477341007DE895 /* FBSDKCoreKit.framework in Frameworks */,
				C3C0DA4F21477366007DE895 /* FBSDKLoginKit.framework in Frameworks */,
				D535A0F59C9EFBFE8CF52642 /* Pods_com_vn_entergroup_Education_gearshop.framework in Frameworks */,
				7FF485828576B68CFB836658 /* Pods_com_vn_entergroup_Education_gearshop.framework in Frameworks */,
			);
			runOnlyForDeploymentPostprocessing = 0;
		};
/* End PBXFrameworksBuildPhase section */

/* Begin PBXGroup section */
		C3574ED1213E34BE0089327C = {
			isa = PBXGroup;
			children = (
				C3C0DA4B21477332007DE895 /* Frameworks */,
				C3574EDC213E34BE0089327C /* com.vn.entergroup.Education.gearshop */,
				C3574EDB213E34BE0089327C /* Products */,
				E20ACDFCECD323FB6A8BC258 /* Pods */,
				FEEBFC45F4E479A3A62FB1E3 /* Frameworks */,
			);
			sourceTree = "<group>";
		};
		C3574EDB213E34BE0089327C /* Products */ = {
			isa = PBXGroup;
			children = (
				C3574EDA213E34BE0089327C /* com.vn.entergroup.Education.gearshop.app */,
			);
			name = Products;
			sourceTree = "<group>";
		};
		C3574EDC213E34BE0089327C /* com.vn.entergroup.Education.gearshop */ = {
			isa = PBXGroup;
			children = (
				C3C0DA4821476CA4007DE895 /* com.vn.entergroup.Education.gearshop.entitlements */,
				C3574EF2213E372F0089327C /* Extensions */,
				C3574EF1213E371F0089327C /* Controller */,
				C3574EF0213E371A0089327C /* View */,
				C3574EEF213E370F0089327C /* Model */,
				C3574EDD213E34BE0089327C /* AppDelegate.swift */,
				C3574EE4213E34D10089327C /* Assets.xcassets */,
				C3574EE9213E34D10089327C /* Info.plist */,
				C36DC4F521411D5500687D28 /* GoogleService-Info.plist */,
			);
			path = com.vn.entergroup.Education.gearshop;
			sourceTree = "<group>";
		};
		C3574EEF213E370F0089327C /* Model */ = {
			isa = PBXGroup;
			children = (
				C3C0DA542147B31D007DE895 /* BaseModeVO.swift */,
				C3574F02213E785B0089327C /* gearitem.json */,
				C3574F04213E78780089327C /* CategoryModel.swift */,
				C3F1BFAF213EDB9900A44814 /* CPUModel.swift */,
				C36DC4E52140DA4C00687D28 /* VGAModel.swift */,
				C36DC4EB2140DE2E00687D28 /* RamModel.swift */,
				C36DC4F12140E20200687D28 /* MoboModel.swift */,
			);
			path = Model;
			sourceTree = "<group>";
		};
		C3574EF0213E371A0089327C /* View */ = {
			isa = PBXGroup;
			children = (
				C3574EE1213E34BE0089327C /* Main.storyboard */,
				C3574EE6213E34D10089327C /* LaunchScreen.storyboard */,
			);
			path = View;
			sourceTree = "<group>";
		};
		C3574EF1213E371F0089327C /* Controller */ = {
			isa = PBXGroup;
			children = (
				C3574EFD213E72AF0089327C /* Component */,
				C3574EFB213E3D020089327C /* HomeViewController.swift */,
				C3574F06213E7FC60089327C /* CategoryProductViewController.swift */,
				C36DC4F32141123400687D28 /* DetailProductViewController.swift */,
				C30E6FA12142304A00351DD5 /* API.swift */,
				C3C0DA5021477818007DE895 /* MoreSettingViewController.swift */,
				C3034B70214803D3009EF423 /* SearchViewController.swift */,
				C30BD66A214E2A6A0018446C /* CartViewController.swift */,
			);
			path = Controller;
			sourceTree = "<group>";
		};
		C3574EF2213E372F0089327C /* Extensions */ = {
			isa = PBXGroup;
			children = (
				C3574EF4213E3B960089327C /* exImage.swift */,
				C3574EF6213E3B960089327C /* exString.swift */,
				C3574EF5213E3B960089327C /* exUITableHeaderView.swift */,
				C3574EF3213E3B960089327C /* exView.swift */,
			);
			path = Extensions;
			sourceTree = "<group>";
		};
		C3574EFD213E72AF0089327C /* Component */ = {
			isa = PBXGroup;
			children = (
				C3574EFE213E72E20089327C /* GearItemTableViewCell.swift */,
				C3574EFF213E72E20089327C /* GearItemTableViewCell.xib */,
				C3574F08213E982D0089327C /* Constant.swift */,
				C3574F0A213E9A700089327C /* CPUCollectionViewCell.swift */,
				C3574F0B213E9A700089327C /* CPUCollectionViewCell.xib */,
				C3574F0E213E9A8A0089327C /* VGACollectionViewCell.swift */,
				C3574F0F213E9A8A0089327C /* VGACollectionViewCell.xib */,
				C36DC4E72140DC5C00687D28 /* RamCollectionViewCell.swift */,
				C36DC4E82140DC5C00687D28 /* RamCollectionViewCell.xib */,
				C36DC4ED2140E0ED00687D28 /* MoboCollectionViewCell.swift */,
				C36DC4EE2140E0ED00687D28 /* MoboCollectionViewCell.xib */,
				C30BD66C214E2F850018446C /* CartTableViewCell.swift */,
				C30BD66D214E2F850018446C /* CartTableViewCell.xib */,
			);
			path = Component;
			sourceTree = "<group>";
		};
		C3C0DA4B21477332007DE895 /* Frameworks */ = {
			isa = PBXGroup;
			children = (
				C31AC1DE214F5A7F00FA3A28 /* libdemo-library.a */,
				C3C0DA4E21477366007DE895 /* FBSDKLoginKit.framework */,
				C3C0DA4C21477341007DE895 /* FBSDKCoreKit.framework */,
				FC4B571416D4FBDBA98D28C8 /* Pods_com_vn_entergroup_Education_gearshop.framework */,
			);
			path = Frameworks;
			sourceTree = "<group>";
		};
		E20ACDFCECD323FB6A8BC258 /* Pods */ = {
			isa = PBXGroup;
			children = (
				030E84F8E728C59EE3036F6E /* Pods-com.vn.entergroup.Education.gearshop.debug.xcconfig */,
				9DD609D40F75326A31BE2B42 /* Pods-com.vn.entergroup.Education.gearshop.release.xcconfig */,
			);
			name = Pods;
			sourceTree = "<group>";
		};
		FEEBFC45F4E479A3A62FB1E3 /* Frameworks */ = {
			isa = PBXGroup;
			children = (
				C3C0DA4921477113007DE895 /* FBSDKCoreKit.framework */,
				0E3324D4482762210D3E8EBB /* Pods_com_vn_entergroup_Education_gearshop.framework */,
			);
			name = Frameworks;
			sourceTree = "<group>";
		};
/* End PBXGroup section */

/* Begin PBXNativeTarget section */
		C3574ED9213E34BE0089327C /* com.vn.entergroup.Education.gearshop */ = {
			isa = PBXNativeTarget;
			buildConfigurationList = C3574EEC213E34D10089327C /* Build configuration list for PBXNativeTarget "com.vn.entergroup.Education.gearshop" */;
			buildPhases = (
				8143A4A5239F24663041D28A /* [CP] Check Pods Manifest.lock */,
				C3574ED6213E34BE0089327C /* Sources */,
				C3574ED7213E34BE0089327C /* Frameworks */,
				C3574ED8213E34BE0089327C /* Resources */,
				7D50D10C2D8F2D382AA83950 /* [CP] Embed Pods Frameworks */,
				AFAD845B9802A662A4F1BBFD /* [CP] Copy Pods Resources */,
			);
			buildRules = (
			);
			dependencies = (
			);
			name = com.vn.entergroup.Education.gearshop;
			productName = com.vn.entergroup.Education.gearshop;
			productReference = C3574EDA213E34BE0089327C /* com.vn.entergroup.Education.gearshop.app */;
			productType = "com.apple.product-type.application";
		};
/* End PBXNativeTarget section */

/* Begin PBXProject section */
		C3574ED2213E34BE0089327C /* Project object */ = {
			isa = PBXProject;
			attributes = {
				LastSwiftUpdateCheck = 0940;
				LastUpgradeCheck = 0940;
				ORGANIZATIONNAME = "Huy Trinh Duc";
				TargetAttributes = {
					C3574ED9213E34BE0089327C = {
						CreatedOnToolsVersion = 9.4.1;
						SystemCapabilities = {
							com.apple.Keychain = {
								enabled = 1;
							};
						};
					};
				};
			};
			buildConfigurationList = C3574ED5213E34BE0089327C /* Build configuration list for PBXProject "com.vn.entergroup.Education.gearshop" */;
			compatibilityVersion = "Xcode 9.3";
			developmentRegion = en;
			hasScannedForEncodings = 0;
			knownRegions = (
				en,
				Base,
			);
			mainGroup = C3574ED1213E34BE0089327C;
			productRefGroup = C3574EDB213E34BE0089327C /* Products */;
			projectDirPath = "";
			projectRoot = "";
			targets = (
				C3574ED9213E34BE0089327C /* com.vn.entergroup.Education.gearshop */,
			);
		};
/* End PBXProject section */

/* Begin PBXResourcesBuildPhase section */
		C3574ED8213E34BE0089327C /* Resources */ = {
			isa = PBXResourcesBuildPhase;
			buildActionMask = 2147483647;
			files = (
				C3574F11213E9A8A0089327C /* VGACollectionViewCell.xib in Resources */,
				C3574EE8213E34D10089327C /* LaunchScreen.storyboard in Resources */,
				C3574F03213E785B0089327C /* gearitem.json in Resources */,
				C3574EE5213E34D10089327C /* Assets.xcassets in Resources */,
				C36DC4F02140E0ED00687D28 /* MoboCollectionViewCell.xib in Resources */,
				C3574EE3213E34BE0089327C /* Main.storyboard in Resources */,
				C3574F01213E72E20089327C /* GearItemTableViewCell.xib in Resources */,
				C30BD66F214E2F850018446C /* CartTableViewCell.xib in Resources */,
				C36DC4F621411D5600687D28 /* GoogleService-Info.plist in Resources */,
				C36DC4EA2140DC5C00687D28 /* RamCollectionViewCell.xib in Resources */,
				C3574F0D213E9A710089327C /* CPUCollectionViewCell.xib in Resources */,
			);
			runOnlyForDeploymentPostprocessing = 0;
		};
/* End PBXResourcesBuildPhase section */

/* Begin PBXShellScriptBuildPhase section */
		7D50D10C2D8F2D382AA83950 /* [CP] Embed Pods Frameworks */ = {
			isa = PBXShellScriptBuildPhase;
			buildActionMask = 2147483647;
			files = (
			);
			inputPaths = (
				"${SRCROOT}/Pods/Target Support Files/Pods-com.vn.entergroup.Education.gearshop/Pods-com.vn.entergroup.Education.gearshop-frameworks.sh",
				"${BUILT_PRODUCTS_DIR}/Bolts/Bolts.framework",
				"${BUILT_PRODUCTS_DIR}/BoringSSL/openssl.framework",
				"${BUILT_PRODUCTS_DIR}/FBSDKCoreKit/FBSDKCoreKit.framework",
				"${BUILT_PRODUCTS_DIR}/FBSDKLoginKit/FBSDKLoginKit.framework",
				"${BUILT_PRODUCTS_DIR}/FBSDKShareKit/FBSDKShareKit.framework",
				"${BUILT_PRODUCTS_DIR}/FacebookCore/FacebookCore.framework",
				"${BUILT_PRODUCTS_DIR}/FacebookLogin/FacebookLogin.framework",
				"${BUILT_PRODUCTS_DIR}/FacebookShare/FacebookShare.framework",
				"${BUILT_PRODUCTS_DIR}/GTMOAuth2/GTMOAuth2.framework",
				"${BUILT_PRODUCTS_DIR}/GTMSessionFetcher/GTMSessionFetcher.framework",
				"${BUILT_PRODUCTS_DIR}/GoogleToolboxForMac/GoogleToolboxForMac.framework",
				"${BUILT_PRODUCTS_DIR}/GoogleUtilities/GoogleUtilities.framework",
				"${BUILT_PRODUCTS_DIR}/JGProgressHUD/JGProgressHUD.framework",
				"${BUILT_PRODUCTS_DIR}/Nuke/Nuke.framework",
				"${BUILT_PRODUCTS_DIR}/Protobuf/Protobuf.framework",
				"${BUILT_PRODUCTS_DIR}/SDWebImage/SDWebImage.framework",
				"${PODS_ROOT}/TwitterCore/iOS/TwitterCore.framework",
				"${PODS_ROOT}/TwitterKit/iOS/TwitterKit.framework",
				"${BUILT_PRODUCTS_DIR}/gRPC/GRPCClient.framework",
				"${BUILT_PRODUCTS_DIR}/gRPC-Core/grpc.framework",
				"${BUILT_PRODUCTS_DIR}/gRPC-ProtoRPC/ProtoRPC.framework",
				"${BUILT_PRODUCTS_DIR}/gRPC-RxLibrary/RxLibrary.framework",
				"${BUILT_PRODUCTS_DIR}/leveldb-library/leveldb.framework",
				"${BUILT_PRODUCTS_DIR}/nanopb/nanopb.framework",
			);
			name = "[CP] Embed Pods Frameworks";
			outputPaths = (
				"${TARGET_BUILD_DIR}/${FRAMEWORKS_FOLDER_PATH}/Bolts.framework",
				"${TARGET_BUILD_DIR}/${FRAMEWORKS_FOLDER_PATH}/openssl.framework",
				"${TARGET_BUILD_DIR}/${FRAMEWORKS_FOLDER_PATH}/FBSDKCoreKit.framework",
				"${TARGET_BUILD_DIR}/${FRAMEWORKS_FOLDER_PATH}/FBSDKLoginKit.framework",
				"${TARGET_BUILD_DIR}/${FRAMEWORKS_FOLDER_PATH}/FBSDKShareKit.framework",
				"${TARGET_BUILD_DIR}/${FRAMEWORKS_FOLDER_PATH}/FacebookCore.framework",
				"${TARGET_BUILD_DIR}/${FRAMEWORKS_FOLDER_PATH}/FacebookLogin.framework",
				"${TARGET_BUILD_DIR}/${FRAMEWORKS_FOLDER_PATH}/FacebookShare.framework",
				"${TARGET_BUILD_DIR}/${FRAMEWORKS_FOLDER_PATH}/GTMOAuth2.framework",
				"${TARGET_BUILD_DIR}/${FRAMEWORKS_FOLDER_PATH}/GTMSessionFetcher.framework",
				"${TARGET_BUILD_DIR}/${FRAMEWORKS_FOLDER_PATH}/GoogleToolboxForMac.framework",
				"${TARGET_BUILD_DIR}/${FRAMEWORKS_FOLDER_PATH}/GoogleUtilities.framework",
				"${TARGET_BUILD_DIR}/${FRAMEWORKS_FOLDER_PATH}/JGProgressHUD.framework",
				"${TARGET_BUILD_DIR}/${FRAMEWORKS_FOLDER_PATH}/Nuke.framework",
				"${TARGET_BUILD_DIR}/${FRAMEWORKS_FOLDER_PATH}/Protobuf.framework",
				"${TARGET_BUILD_DIR}/${FRAMEWORKS_FOLDER_PATH}/SDWebImage.framework",
				"${TARGET_BUILD_DIR}/${FRAMEWORKS_FOLDER_PATH}/TwitterCore.framework",
				"${TARGET_BUILD_DIR}/${FRAMEWORKS_FOLDER_PATH}/TwitterKit.framework",
				"${TARGET_BUILD_DIR}/${FRAMEWORKS_FOLDER_PATH}/GRPCClient.framework",
				"${TARGET_BUILD_DIR}/${FRAMEWORKS_FOLDER_PATH}/grpc.framework",
				"${TARGET_BUILD_DIR}/${FRAMEWORKS_FOLDER_PATH}/ProtoRPC.framework",
				"${TARGET_BUILD_DIR}/${FRAMEWORKS_FOLDER_PATH}/RxLibrary.framework",
				"${TARGET_BUILD_DIR}/${FRAMEWORKS_FOLDER_PATH}/leveldb.framework",
				"${TARGET_BUILD_DIR}/${FRAMEWORKS_FOLDER_PATH}/nanopb.framework",
			);
			runOnlyForDeploymentPostprocessing = 0;
			shellPath = /bin/sh;
			shellScript = "\"${SRCROOT}/Pods/Target Support Files/Pods-com.vn.entergroup.Education.gearshop/Pods-com.vn.entergroup.Education.gearshop-frameworks.sh\"\n";
			showEnvVarsInLog = 0;
		};
		8143A4A5239F24663041D28A /* [CP] Check Pods Manifest.lock */ = {
			isa = PBXShellScriptBuildPhase;
			buildActionMask = 2147483647;
			files = (
			);
			inputPaths = (
				"${PODS_PODFILE_DIR_PATH}/Podfile.lock",
				"${PODS_ROOT}/Manifest.lock",
			);
			name = "[CP] Check Pods Manifest.lock";
			outputPaths = (
				"$(DERIVED_FILE_DIR)/Pods-com.vn.entergroup.Education.gearshop-checkManifestLockResult.txt",
			);
			runOnlyForDeploymentPostprocessing = 0;
			shellPath = /bin/sh;
			shellScript = "diff \"${PODS_PODFILE_DIR_PATH}/Podfile.lock\" \"${PODS_ROOT}/Manifest.lock\" > /dev/null\nif [ $? != 0 ] ; then\n    # print error to STDERR\n    echo \"error: The sandbox is not in sync with the Podfile.lock. Run 'pod install' or update your CocoaPods installation.\" >&2\n    exit 1\nfi\n# This output is used by Xcode 'outputs' to avoid re-running this script phase.\necho \"SUCCESS\" > \"${SCRIPT_OUTPUT_FILE_0}\"\n";
			showEnvVarsInLog = 0;
		};
		AFAD845B9802A662A4F1BBFD /* [CP] Copy Pods Resources */ = {
			isa = PBXShellScriptBuildPhase;
			buildActionMask = 2147483647;
			files = (
			);
			inputPaths = (
				"${SRCROOT}/Pods/Target Support Files/Pods-com.vn.entergroup.Education.gearshop/Pods-com.vn.entergroup.Education.gearshop-resources.sh",
				"${PODS_CONFIGURATION_BUILD_DIR}/FirebaseUI/FirebaseAuthUI.bundle",
				"${PODS_CONFIGURATION_BUILD_DIR}/FirebaseUI/FirebaseFacebookAuthUI.bundle",
				"${PODS_CONFIGURATION_BUILD_DIR}/FirebaseUI/FirebaseGoogleAuthUI.bundle",
				"${PODS_CONFIGURATION_BUILD_DIR}/FirebaseUI/FirebasePhoneAuthUI.bundle",
				"${PODS_CONFIGURATION_BUILD_DIR}/FirebaseUI/FirebaseTwitterAuthUI.bundle",
				"${PODS_ROOT}/GoogleSignIn/Resources/GoogleSignIn.bundle",
				"${PODS_ROOT}/TwitterKit/iOS/TwitterKit.framework/TwitterKitResources.bundle",
			);
			name = "[CP] Copy Pods Resources";
			outputPaths = (
				"${TARGET_BUILD_DIR}/${UNLOCALIZED_RESOURCES_FOLDER_PATH}/FirebaseAuthUI.bundle",
				"${TARGET_BUILD_DIR}/${UNLOCALIZED_RESOURCES_FOLDER_PATH}/FirebaseFacebookAuthUI.bundle",
				"${TARGET_BUILD_DIR}/${UNLOCALIZED_RESOURCES_FOLDER_PATH}/FirebaseGoogleAuthUI.bundle",
				"${TARGET_BUILD_DIR}/${UNLOCALIZED_RESOURCES_FOLDER_PATH}/FirebasePhoneAuthUI.bundle",
				"${TARGET_BUILD_DIR}/${UNLOCALIZED_RESOURCES_FOLDER_PATH}/FirebaseTwitterAuthUI.bundle",
				"${TARGET_BUILD_DIR}/${UNLOCALIZED_RESOURCES_FOLDER_PATH}/GoogleSignIn.bundle",
				"${TARGET_BUILD_DIR}/${UNLOCALIZED_RESOURCES_FOLDER_PATH}/TwitterKitResources.bundle",
			);
			runOnlyForDeploymentPostprocessing = 0;
			shellPath = /bin/sh;
			shellScript = "\"${SRCROOT}/Pods/Target Support Files/Pods-com.vn.entergroup.Education.gearshop/Pods-com.vn.entergroup.Education.gearshop-resources.sh\"\n";
			showEnvVarsInLog = 0;
		};
/* End PBXShellScriptBuildPhase section */

/* Begin PBXSourcesBuildPhase section */
		C3574ED6213E34BE0089327C /* Sources */ = {
			isa = PBXSourcesBuildPhase;
			buildActionMask = 2147483647;
			files = (
				C3574EF8213E3B960089327C /* exImage.swift in Sources */,
				C36DC4E92140DC5C00687D28 /* RamCollectionViewCell.swift in Sources */,
				C3574F00213E72E20089327C /* GearItemTableViewCell.swift in Sources */,
				C3574EF7213E3B960089327C /* exView.swift in Sources */,
				C30BD66B214E2A6A0018446C /* CartViewController.swift in Sources */,
				C3574EFA213E3B960089327C /* exString.swift in Sources */,
				C3C0DA5121477819007DE895 /* MoreSettingViewController.swift in Sources */,
				C36DC4EF2140E0ED00687D28 /* MoboCollectionViewCell.swift in Sources */,
				C3574F07213E7FC60089327C /* CategoryProductViewController.swift in Sources */,
				C3574EF9213E3B960089327C /* exUITableHeaderView.swift in Sources */,
				C36DC4F22140E20200687D28 /* MoboModel.swift in Sources */,
				C3F1BFB0213EDB9900A44814 /* CPUModel.swift in Sources */,
				C36DC4F42141123400687D28 /* DetailProductViewController.swift in Sources */,
				C3574F0C213E9A700089327C /* CPUCollectionViewCell.swift in Sources */,
				C3574F10213E9A8A0089327C /* VGACollectionViewCell.swift in Sources */,
				C36DC4EC2140DE2E00687D28 /* RamModel.swift in Sources */,
				C30E6FA22142304A00351DD5 /* API.swift in Sources */,
				C30BD66E214E2F850018446C /* CartTableViewCell.swift in Sources */,
				C3574F05213E78780089327C /* CategoryModel.swift in Sources */,
				C3034B71214803D3009EF423 /* SearchViewController.swift in Sources */,
				C3574F09213E982D0089327C /* Constant.swift in Sources */,
				C3574EDE213E34BE0089327C /* AppDelegate.swift in Sources */,
				C3C0DA552147B31E007DE895 /* BaseModeVO.swift in Sources */,
				C36DC4E62140DA4C00687D28 /* VGAModel.swift in Sources */,
				C3574EFC213E3D020089327C /* HomeViewController.swift in Sources */,
			);
			runOnlyForDeploymentPostprocessing = 0;
		};
/* End PBXSourcesBuildPhase section */

/* Begin PBXVariantGroup section */
		C3574EE1213E34BE0089327C /* Main.storyboard */ = {
			isa = PBXVariantGroup;
			children = (
				C3574EE2213E34BE0089327C /* Base */,
			);
			name = Main.storyboard;
			sourceTree = "<group>";
		};
		C3574EE6213E34D10089327C /* LaunchScreen.storyboard */ = {
			isa = PBXVariantGroup;
			children = (
				C3574EE7213E34D10089327C /* Base */,
			);
			name = LaunchScreen.storyboard;
			sourceTree = "<group>";
		};
/* End PBXVariantGroup section */

/* Begin XCBuildConfiguration section */
		C3574EEA213E34D10089327C /* Debug */ = {
			isa = XCBuildConfiguration;
			buildSettings = {
				ALWAYS_SEARCH_USER_PATHS = NO;
				CLANG_ANALYZER_NONNULL = YES;
				CLANG_ANALYZER_NUMBER_OBJECT_CONVERSION = YES_AGGRESSIVE;
				CLANG_CXX_LANGUAGE_STANDARD = "gnu++14";
				CLANG_CXX_LIBRARY = "libc++";
				CLANG_ENABLE_MODULES = YES;
				CLANG_ENABLE_OBJC_ARC = YES;
				CLANG_ENABLE_OBJC_WEAK = YES;
				CLANG_WARN_BLOCK_CAPTURE_AUTORELEASING = YES;
				CLANG_WARN_BOOL_CONVERSION = YES;
				CLANG_WARN_COMMA = YES;
				CLANG_WARN_CONSTANT_CONVERSION = YES;
				CLANG_WARN_DEPRECATED_OBJC_IMPLEMENTATIONS = YES;
				CLANG_WARN_DIRECT_OBJC_ISA_USAGE = YES_ERROR;
				CLANG_WARN_DOCUMENTATION_COMMENTS = YES;
				CLANG_WARN_EMPTY_BODY = YES;
				CLANG_WARN_ENUM_CONVERSION = YES;
				CLANG_WARN_INFINITE_RECURSION = YES;
				CLANG_WARN_INT_CONVERSION = YES;
				CLANG_WARN_NON_LITERAL_NULL_CONVERSION = YES;
				CLANG_WARN_OBJC_IMPLICIT_RETAIN_SELF = YES;
				CLANG_WARN_OBJC_LITERAL_CONVERSION = YES;
				CLANG_WARN_OBJC_ROOT_CLASS = YES_ERROR;
				CLANG_WARN_RANGE_LOOP_ANALYSIS = YES;
				CLANG_WARN_STRICT_PROTOTYPES = YES;
				CLANG_WARN_SUSPICIOUS_MOVE = YES;
				CLANG_WARN_UNGUARDED_AVAILABILITY = YES_AGGRESSIVE;
				CLANG_WARN_UNREACHABLE_CODE = YES;
				CLANG_WARN__DUPLICATE_METHOD_MATCH = YES;
				CODE_SIGN_IDENTITY = "iPhone Developer";
				COPY_PHASE_STRIP = NO;
				DEBUG_INFORMATION_FORMAT = dwarf;
				ENABLE_STRICT_OBJC_MSGSEND = YES;
				ENABLE_TESTABILITY = YES;
				GCC_C_LANGUAGE_STANDARD = gnu11;
				GCC_DYNAMIC_NO_PIC = NO;
				GCC_NO_COMMON_BLOCKS = YES;
				GCC_OPTIMIZATION_LEVEL = 0;
				GCC_PREPROCESSOR_DEFINITIONS = (
					"DEBUG=1",
					"$(inherited)",
				);
				GCC_WARN_64_TO_32_BIT_CONVERSION = YES;
				GCC_WARN_ABOUT_RETURN_TYPE = YES_ERROR;
				GCC_WARN_UNDECLARED_SELECTOR = YES;
				GCC_WARN_UNINITIALIZED_AUTOS = YES_AGGRESSIVE;
				GCC_WARN_UNUSED_FUNCTION = YES;
				GCC_WARN_UNUSED_VARIABLE = YES;
				IPHONEOS_DEPLOYMENT_TARGET = 11.0;
				MTL_ENABLE_DEBUG_INFO = YES;
				ONLY_ACTIVE_ARCH = YES;
				SDKROOT = iphoneos;
				SWIFT_ACTIVE_COMPILATION_CONDITIONS = DEBUG;
				SWIFT_OPTIMIZATION_LEVEL = "-Onone";
			};
			name = Debug;
		};
		C3574EEB213E34D10089327C /* Release */ = {
			isa = XCBuildConfiguration;
			buildSettings = {
				ALWAYS_SEARCH_USER_PATHS = NO;
				CLANG_ANALYZER_NONNULL = YES;
				CLANG_ANALYZER_NUMBER_OBJECT_CONVERSION = YES_AGGRESSIVE;
				CLANG_CXX_LANGUAGE_STANDARD = "gnu++14";
				CLANG_CXX_LIBRARY = "libc++";
				CLANG_ENABLE_MODULES = YES;
				CLANG_ENABLE_OBJC_ARC = YES;
				CLANG_ENABLE_OBJC_WEAK = YES;
				CLANG_WARN_BLOCK_CAPTURE_AUTORELEASING = YES;
				CLANG_WARN_BOOL_CONVERSION = YES;
				CLANG_WARN_COMMA = YES;
				CLANG_WARN_CONSTANT_CONVERSION = YES;
				CLANG_WARN_DEPRECATED_OBJC_IMPLEMENTATIONS = YES;
				CLANG_WARN_DIRECT_OBJC_ISA_USAGE = YES_ERROR;
				CLANG_WARN_DOCUMENTATION_COMMENTS = YES;
				CLANG_WARN_EMPTY_BODY = YES;
				CLANG_WARN_ENUM_CONVERSION = YES;
				CLANG_WARN_INFINITE_RECURSION = YES;
				CLANG_WARN_INT_CONVERSION = YES;
				CLANG_WARN_NON_LITERAL_NULL_CONVERSION = YES;
				CLANG_WARN_OBJC_IMPLICIT_RETAIN_SELF = YES;
				CLANG_WARN_OBJC_LITERAL_CONVERSION = YES;
				CLANG_WARN_OBJC_ROOT_CLASS = YES_ERROR;
				CLANG_WARN_RANGE_LOOP_ANALYSIS = YES;
				CLANG_WARN_STRICT_PROTOTYPES = YES;
				CLANG_WARN_SUSPICIOUS_MOVE = YES;
				CLANG_WARN_UNGUARDED_AVAILABILITY = YES_AGGRESSIVE;
				CLANG_WARN_UNREACHABLE_CODE = YES;
				CLANG_WARN__DUPLICATE_METHOD_MATCH = YES;
				CODE_SIGN_IDENTITY = "iPhone Developer";
				COPY_PHASE_STRIP = NO;
				DEBUG_INFORMATION_FORMAT = "dwarf-with-dsym";
				ENABLE_NS_ASSERTIONS = NO;
				ENABLE_STRICT_OBJC_MSGSEND = YES;
				GCC_C_LANGUAGE_STANDARD = gnu11;
				GCC_NO_COMMON_BLOCKS = YES;
				GCC_WARN_64_TO_32_BIT_CONVERSION = YES;
				GCC_WARN_ABOUT_RETURN_TYPE = YES_ERROR;
				GCC_WARN_UNDECLARED_SELECTOR = YES;
				GCC_WARN_UNINITIALIZED_AUTOS = YES_AGGRESSIVE;
				GCC_WARN_UNUSED_FUNCTION = YES;
				GCC_WARN_UNUSED_VARIABLE = YES;
				IPHONEOS_DEPLOYMENT_TARGET = 11.0;
				MTL_ENABLE_DEBUG_INFO = NO;
				SDKROOT = iphoneos;
				SWIFT_COMPILATION_MODE = wholemodule;
				SWIFT_OPTIMIZATION_LEVEL = "-O";
				VALIDATE_PRODUCT = YES;
			};
			name = Release;
		};
		C3574EED213E34D10089327C /* Debug */ = {
			isa = XCBuildConfiguration;
			baseConfigurationReference = 030E84F8E728C59EE3036F6E /* Pods-com.vn.entergroup.Education.gearshop.debug.xcconfig */;
			buildSettings = {
				ASSETCATALOG_COMPILER_APPICON_NAME = AppIcon;
				CODE_SIGN_ENTITLEMENTS = com.vn.entergroup.Education.gearshop/com.vn.entergroup.Education.gearshop.entitlements;
				CODE_SIGN_STYLE = Manual;
				DEVELOPMENT_TEAM = 4MJKWK33YR;
				FRAMEWORK_SEARCH_PATHS = (
					"$(inherited)",
					"$(PROJECT_DIR)/Frameworks",
				);
				INFOPLIST_FILE = com.vn.entergroup.Education.gearshop/Info.plist;
				IPHONEOS_DEPLOYMENT_TARGET = 11.0;
				LD_RUNPATH_SEARCH_PATHS = (
					"$(inherited)",
					"@executable_path/Frameworks",
				);
				LIBRARY_SEARCH_PATHS = (
					"$(inherited)",
					"$(PROJECT_DIR)/library",
				);
				PRODUCT_BUNDLE_IDENTIFIER = com.vn.entergroup.gearshop;
				PRODUCT_NAME = "$(TARGET_NAME)";
				PROVISIONING_PROFILE = "6a30d3c3-f64b-4e72-8a44-d1dee1a06894";
				PROVISIONING_PROFILE_SPECIFIER = "enter group vn";
				SWIFT_VERSION = 4.0;
				TARGETED_DEVICE_FAMILY = "1,2";
			};
			name = Debug;
		};
		C3574EEE213E34D10089327C /* Release */ = {
			isa = XCBuildConfiguration;
			baseConfigurationReference = 9DD609D40F75326A31BE2B42 /* Pods-com.vn.entergroup.Education.gearshop.release.xcconfig */;
			buildSettings = {
				ASSETCATALOG_COMPILER_APPICON_NAME = AppIcon;
				CODE_SIGN_ENTITLEMENTS = com.vn.entergroup.Education.gearshop/com.vn.entergroup.Education.gearshop.entitlements;
				CODE_SIGN_STYLE = Manual;
				DEVELOPMENT_TEAM = 4MJKWK33YR;
				FRAMEWORK_SEARCH_PATHS = (
					"$(inherited)",
					"\"${PODS_CONFIGURATION_BUILD_DIR}/Bolts\"",
					"\"${PODS_CONFIGURATION_BUILD_DIR}/FBSDKCoreKit\"",
					"\"${PODS_CONFIGURATION_BUILD_DIR}/FBSDKLoginKit\"",
					"\"${PODS_CONFIGURATION_BUILD_DIR}/FirebaseAuth\"",
					"\"${PODS_CONFIGURATION_BUILD_DIR}/FirebaseCore\"",
					"\"${PODS_CONFIGURATION_BUILD_DIR}/FirebaseDatabase\"",
					"\"${PODS_CONFIGURATION_BUILD_DIR}/FirebaseUI\"",
					"\"${PODS_CONFIGURATION_BUILD_DIR}/GTMSessionFetcher\"",
					"\"${PODS_CONFIGURATION_BUILD_DIR}/GoogleUtilities\"",
					"\"${PODS_CONFIGURATION_BUILD_DIR}/Nuke\"",
					"\"${PODS_CONFIGURATION_BUILD_DIR}/leveldb-library\"",
					"\"${PODS_CONFIGURATION_BUILD_DIR}/nanopb\"",
					"\"${PODS_ROOT}/FirebaseAnalytics/Frameworks\"",
					"\"${PODS_ROOT}/FirebaseInstanceID/Frameworks\"",
					"\"${PODS_ROOT}/GoogleAppMeasurement/Frameworks\"",
					/Users/huyparody/Documents/FacebookSDKs,
					"$(PROJECT_DIR)/Frameworks",
				);
				INFOPLIST_FILE = com.vn.entergroup.Education.gearshop/Info.plist;
				IPHONEOS_DEPLOYMENT_TARGET = 11.0;
				LD_RUNPATH_SEARCH_PATHS = (
					"$(inherited)",
					"@executable_path/Frameworks",
				);
				LIBRARY_SEARCH_PATHS = (
					"$(inherited)",
					"$(PROJECT_DIR)/library",
				);
				PRODUCT_BUNDLE_IDENTIFIER = com.vn.entergroup.gearshop;
				PRODUCT_NAME = "$(TARGET_NAME)";
				PROVISIONING_PROFILE = "6a30d3c3-f64b-4e72-8a44-d1dee1a06894";
				PROVISIONING_PROFILE_SPECIFIER = "enter group vn";
				SWIFT_VERSION = 4.0;
				TARGETED_DEVICE_FAMILY = "1,2";
			};
			name = Release;
		};
/* End XCBuildConfiguration section */

/* Begin XCConfigurationList section */
		C3574ED5213E34BE0089327C /* Build configuration list for PBXProject "com.vn.entergroup.Education.gearshop" */ = {
			isa = XCConfigurationList;
			buildConfigurations = (
				C3574EEA213E34D10089327C /* Debug */,
				C3574EEB213E34D10089327C /* Release */,
			);
			defaultConfigurationIsVisible = 0;
			defaultConfigurationName = Release;
		};
		C3574EEC213E34D10089327C /* Build configuration list for PBXNativeTarget "com.vn.entergroup.Education.gearshop" */ = {
			isa = XCConfigurationList;
			buildConfigurations = (
				C3574EED213E34D10089327C /* Debug */,
				C3574EEE213E34D10089327C /* Release */,
			);
			defaultConfigurationIsVisible = 0;
			defaultConfigurationName = Release;
		};
/* End XCConfigurationList section */
	};
	rootObject = C3574ED2213E34BE0089327C /* Project object */;
}
